gitlab.com/etke.cc/go/trysmtp v1.0.0 h1:f/7gSmzohKniVeLSLevI+ZsySYcPUGkT9cRlOTwjOr8=
gitlab.com/etke.cc/go/trysmtp v1.0.0/go.mod h1:KqRuIB2IPElEEbAxXmFyKtm7S5YiuEb4lxwWthccqyE=
golang.org/x/net v0.0.0-20221004154528-8021a29435af h1:wv66FM3rLZGPdxpYL+ApnDe2HzHcTFta3z5nsc13wI4=
golang.org/x/net v0.0.0-20221004154528-8021a29435af/go.mod h1:YDH+HFinaLZZlnHAfSS6ZXJJ9M9t4Dl22yv3iI2vPwk=
